# This file is automatically @generated by Cargo.
# It is not intended for manual editing.
version = 4

[[package]]
name = "actionkv"
version = "1.0.0"
dependencies = [
 "byteorder",
 "crc",
]

[[package]]
name = "build_const"
version = "0.2.0"
source = "registry+https://github.com/rust-lang/crates.io-index"
checksum = "e90dc84f5e62d2ebe7676b83c22d33b6db8bd27340fb6ffbff0a364efa0cb9c9"

[[package]]
name = "byteorder"
version = "1.2.1"
source = "registry+https://github.com/rust-lang/crates.io-index"
checksum = "652805b7e73fada9d85e9a6682a4abd490cb52d96aeecc12e33a0de34dfd0d23"

[[package]]
name = "crc"
version = "1.7.0"
source = "registry+https://github.com/rust-lang/crates.io-index"
checksum = "bd5d02c0aac6bd68393ed69e00bbc2457f3e89075c6349db7189618dc4ddc1d7"
dependencies = [
 "build_const",
]
